PODS:
  - LXScrollContentView (1.6.1)

DEPENDENCIES:
  - LXScrollContentView

SPEC REPOS:
  https://github.com/cocoapods/specs.git:
    - LXScrollContentView

SPEC CHECKSUMS:
  LXScrollContentView: 60d97a847a6d3d700a571b6f77429dd1e37d862e

PODFILE CHECKSUM: f5f68de0237bfca91e77318b7d990437bf987f1d

COCOAPODS: 1.6.0.beta.1
